
Microsoft Visual Studio Solution File, Format Version 12.00
# Visual Studio Version 17
VisualStudioVersion = 17.12.35707.178
MinimumVisualStudioVersion = 10.0.40219.1
Project("{2150E333-8FDC-42A3-9474-1A3956D46DE8}") = "Src", "Src", "{A60AE097-402A-4F69-AA6C-8BF031352766}"
EndProject
Project("{2150E333-8FDC-42A3-9474-1A3956D46DE8}") = "Commons", "Commons", "{0D36B1EF-3666-4518-AE4B-A4AB4E861302}"
EndProject
Project("{2150E333-8FDC-42A3-9474-1A3956D46DE8}") = "EndPoints", "EndPoints", "{267D34DE-0524-4B24-BE53-F2C6ACA2C62E}"
EndProject
Project("{2150E333-8FDC-42A3-9474-1A3956D46DE8}") = "Modules", "Modules", "{FC1505F1-F0E3-4B2F-8A3A-FB3A69AB0610}"
EndProject
Project("{2150E333-8FDC-42A3-9474-1A3956D46DE8}") = "Blog", "Blog", "{F969ECAE-9D07-4DA7-A36A-58216646F89B}"
EndProject
Project("{FAE04EC0-301F-11D3-BF4B-00C04F79EFBC}") = "BlogModule", "Src\Modules\Blog\BlogModule\BlogModule.csproj", "{ACA397CF-F7EE-491F-B845-AA3AE65B9CD2}"
EndProject
Project("{2150E333-8FDC-42A3-9474-1A3956D46DE8}") = "Docs", "Docs", "{97FBFD3A-8AF9-4426-806B-1269014D607D}"
	ProjectSection(SolutionItems) = preProject
		Docs\ClassDiagram.drawio = Docs\ClassDiagram.drawio
		Docs\SubDomains.drawio = Docs\SubDomains.drawio
	EndProjectSection
EndProject
Project("{FAE04EC0-301F-11D3-BF4B-00C04F79EFBC}") = "Common.Domain", "Src\Commons\Common.Domain\Common.Domain.csproj", "{53CD2D21-732E-48CB-B68E-AED48CA4EE80}"
EndProject
Project("{FAE04EC0-301F-11D3-BF4B-00C04F79EFBC}") = "Common.Application", "Src\Commons\Common.Application\Common.Application.csproj", "{D29CB794-B9E4-4C3F-86CF-D960C8E2785D}"
EndProject
Project("{FAE04EC0-301F-11D3-BF4B-00C04F79EFBC}") = "Common.Infrastructure", "Src\Commons\Common.Infrastructure\Common.Infrastructure.csproj", "{B64343A5-B99D-4D2C-AA2B-79C4C4E1ED16}"
EndProject
Project("{2150E333-8FDC-42A3-9474-1A3956D46DE8}") = "Ticket", "Ticket", "{F73C2F4F-25D7-4674-A3C7-46AB644939D7}"
EndProject
Project("{FAE04EC0-301F-11D3-BF4B-00C04F79EFBC}") = "TicketModule", "Src\Modules\Ticket\TicketModule\TicketModule.csproj", "{95EF55B3-3433-4F83-9A6A-6C9E0CB1122E}"
EndProject
Project("{2150E333-8FDC-42A3-9474-1A3956D46DE8}") = "User", "User", "{4D621725-653E-444B-AADC-C89FBE4A7BA7}"
EndProject
Project("{FAE04EC0-301F-11D3-BF4B-00C04F79EFBC}") = "UserModule.Data", "Src\Modules\User\UserModule.Data\UserModule.Data.csproj", "{2CF7967F-7A29-4B12-ACA6-1B8F66C91498}"
EndProject
Project("{FAE04EC0-301F-11D3-BF4B-00C04F79EFBC}") = "UserModule.Core", "Src\Modules\User\UserModule.Core\UserModule.Core.csproj", "{D5924F78-E9A0-434E-8B7C-0C4C234DAB51}"
EndProject
Project("{FAE04EC0-301F-11D3-BF4B-00C04F79EFBC}") = "Common.Query", "Src\Commons\Common.Query\Common.Query.csproj", "{74215188-E94B-4BCC-905F-953452DC038E}"
EndProject
Project("{FAE04EC0-301F-11D3-BF4B-00C04F79EFBC}") = "DigiLearn.Web", "Src\EndPoints\DigiLearn.Web\DigiLearn.Web.csproj", "{AF599E59-3D63-4603-9313-295FF555F254}"
EndProject
Project("{2150E333-8FDC-42A3-9474-1A3956D46DE8}") = "Core", "Core", "{918FCC8E-0DF8-42AA-A4CC-2599900E4DD9}"
EndProject
Project("{FAE04EC0-301F-11D3-BF4B-00C04F79EFBC}") = "CoreModules.Domain", "Src\Modules\Core\CoreModules.Domain\CoreModules.Domain.csproj", "{96A44ED7-4FDC-4613-B1A1-BE08DC50E440}"
EndProject
Global
	GlobalSection(SolutionConfigurationPlatforms) = preSolution
		Debug|Any CPU = Debug|Any CPU
		Release|Any CPU = Release|Any CPU
	EndGlobalSection
	GlobalSection(ProjectConfigurationPlatforms) = postSolution
		{ACA397CF-F7EE-491F-B845-AA3AE65B9CD2}.Debug|Any CPU.ActiveCfg = Debug|Any CPU
		{ACA397CF-F7EE-491F-B845-AA3AE65B9CD2}.Debug|Any CPU.Build.0 = Debug|Any CPU
		{ACA397CF-F7EE-491F-B845-AA3AE65B9CD2}.Release|Any CPU.ActiveCfg = Release|Any CPU
		{ACA397CF-F7EE-491F-B845-AA3AE65B9CD2}.Release|Any CPU.Build.0 = Release|Any CPU
		{53CD2D21-732E-48CB-B68E-AED48CA4EE80}.Debug|Any CPU.ActiveCfg = Debug|Any CPU
		{53CD2D21-732E-48CB-B68E-AED48CA4EE80}.Debug|Any CPU.Build.0 = Debug|Any CPU
		{53CD2D21-732E-48CB-B68E-AED48CA4EE80}.Release|Any CPU.ActiveCfg = Release|Any CPU
		{53CD2D21-732E-48CB-B68E-AED48CA4EE80}.Release|Any CPU.Build.0 = Release|Any CPU
		{D29CB794-B9E4-4C3F-86CF-D960C8E2785D}.Debug|Any CPU.ActiveCfg = Debug|Any CPU
		{D29CB794-B9E4-4C3F-86CF-D960C8E2785D}.Debug|Any CPU.Build.0 = Debug|Any CPU
		{D29CB794-B9E4-4C3F-86CF-D960C8E2785D}.Release|Any CPU.ActiveCfg = Release|Any CPU
		{D29CB794-B9E4-4C3F-86CF-D960C8E2785D}.Release|Any CPU.Build.0 = Release|Any CPU
		{B64343A5-B99D-4D2C-AA2B-79C4C4E1ED16}.Debug|Any CPU.ActiveCfg = Debug|Any CPU
		{B64343A5-B99D-4D2C-AA2B-79C4C4E1ED16}.Debug|Any CPU.Build.0 = Debug|Any CPU
		{B64343A5-B99D-4D2C-AA2B-79C4C4E1ED16}.Release|Any CPU.ActiveCfg = Release|Any CPU
		{B64343A5-B99D-4D2C-AA2B-79C4C4E1ED16}.Release|Any CPU.Build.0 = Release|Any CPU
		{95EF55B3-3433-4F83-9A6A-6C9E0CB1122E}.Debug|Any CPU.ActiveCfg = Debug|Any CPU
		{95EF55B3-3433-4F83-9A6A-6C9E0CB1122E}.Debug|Any CPU.Build.0 = Debug|Any CPU
		{95EF55B3-3433-4F83-9A6A-6C9E0CB1122E}.Release|Any CPU.ActiveCfg = Release|Any CPU
		{95EF55B3-3433-4F83-9A6A-6C9E0CB1122E}.Release|Any CPU.Build.0 = Release|Any CPU
		{2CF7967F-7A29-4B12-ACA6-1B8F66C91498}.Debug|Any CPU.ActiveCfg = Debug|Any CPU
		{2CF7967F-7A29-4B12-ACA6-1B8F66C91498}.Debug|Any CPU.Build.0 = Debug|Any CPU
		{2CF7967F-7A29-4B12-ACA6-1B8F66C91498}.Release|Any CPU.ActiveCfg = Release|Any CPU
		{2CF7967F-7A29-4B12-ACA6-1B8F66C91498}.Release|Any CPU.Build.0 = Release|Any CPU
		{D5924F78-E9A0-434E-8B7C-0C4C234DAB51}.Debug|Any CPU.ActiveCfg = Debug|Any CPU
		{D5924F78-E9A0-434E-8B7C-0C4C234DAB51}.Debug|Any CPU.Build.0 = Debug|Any CPU
		{D5924F78-E9A0-434E-8B7C-0C4C234DAB51}.Release|Any CPU.ActiveCfg = Release|Any CPU
		{D5924F78-E9A0-434E-8B7C-0C4C234DAB51}.Release|Any CPU.Build.0 = Release|Any CPU
		{74215188-E94B-4BCC-905F-953452DC038E}.Debug|Any CPU.ActiveCfg = Debug|Any CPU
		{74215188-E94B-4BCC-905F-953452DC038E}.Debug|Any CPU.Build.0 = Debug|Any CPU
		{74215188-E94B-4BCC-905F-953452DC038E}.Release|Any CPU.ActiveCfg = Release|Any CPU
		{74215188-E94B-4BCC-905F-953452DC038E}.Release|Any CPU.Build.0 = Release|Any CPU
		{AF599E59-3D63-4603-9313-295FF555F254}.Debug|Any CPU.ActiveCfg = Debug|Any CPU
		{AF599E59-3D63-4603-9313-295FF555F254}.Debug|Any CPU.Build.0 = Debug|Any CPU
		{AF599E59-3D63-4603-9313-295FF555F254}.Release|Any CPU.ActiveCfg = Release|Any CPU
		{AF599E59-3D63-4603-9313-295FF555F254}.Release|Any CPU.Build.0 = Release|Any CPU
		{96A44ED7-4FDC-4613-B1A1-BE08DC50E440}.Debug|Any CPU.ActiveCfg = Debug|Any CPU
		{96A44ED7-4FDC-4613-B1A1-BE08DC50E440}.Debug|Any CPU.Build.0 = Debug|Any CPU
		{96A44ED7-4FDC-4613-B1A1-BE08DC50E440}.Release|Any CPU.ActiveCfg = Release|Any CPU
		{96A44ED7-4FDC-4613-B1A1-BE08DC50E440}.Release|Any CPU.Build.0 = Release|Any CPU
	EndGlobalSection
	GlobalSection(SolutionProperties) = preSolution
		HideSolutionNode = FALSE
	EndGlobalSection
	GlobalSection(NestedProjects) = preSolution
		{0D36B1EF-3666-4518-AE4B-A4AB4E861302} = {A60AE097-402A-4F69-AA6C-8BF031352766}
		{267D34DE-0524-4B24-BE53-F2C6ACA2C62E} = {A60AE097-402A-4F69-AA6C-8BF031352766}
		{FC1505F1-F0E3-4B2F-8A3A-FB3A69AB0610} = {A60AE097-402A-4F69-AA6C-8BF031352766}
		{F969ECAE-9D07-4DA7-A36A-58216646F89B} = {FC1505F1-F0E3-4B2F-8A3A-FB3A69AB0610}
		{ACA397CF-F7EE-491F-B845-AA3AE65B9CD2} = {F969ECAE-9D07-4DA7-A36A-58216646F89B}
		{53CD2D21-732E-48CB-B68E-AED48CA4EE80} = {0D36B1EF-3666-4518-AE4B-A4AB4E861302}
		{D29CB794-B9E4-4C3F-86CF-D960C8E2785D} = {0D36B1EF-3666-4518-AE4B-A4AB4E861302}
		{B64343A5-B99D-4D2C-AA2B-79C4C4E1ED16} = {0D36B1EF-3666-4518-AE4B-A4AB4E861302}
		{F73C2F4F-25D7-4674-A3C7-46AB644939D7} = {FC1505F1-F0E3-4B2F-8A3A-FB3A69AB0610}
		{95EF55B3-3433-4F83-9A6A-6C9E0CB1122E} = {F73C2F4F-25D7-4674-A3C7-46AB644939D7}
		{4D621725-653E-444B-AADC-C89FBE4A7BA7} = {FC1505F1-F0E3-4B2F-8A3A-FB3A69AB0610}
		{2CF7967F-7A29-4B12-ACA6-1B8F66C91498} = {4D621725-653E-444B-AADC-C89FBE4A7BA7}
		{D5924F78-E9A0-434E-8B7C-0C4C234DAB51} = {4D621725-653E-444B-AADC-C89FBE4A7BA7}
		{74215188-E94B-4BCC-905F-953452DC038E} = {0D36B1EF-3666-4518-AE4B-A4AB4E861302}
		{AF599E59-3D63-4603-9313-295FF555F254} = {267D34DE-0524-4B24-BE53-F2C6ACA2C62E}
		{918FCC8E-0DF8-42AA-A4CC-2599900E4DD9} = {FC1505F1-F0E3-4B2F-8A3A-FB3A69AB0610}
		{96A44ED7-4FDC-4613-B1A1-BE08DC50E440} = {918FCC8E-0DF8-42AA-A4CC-2599900E4DD9}
	EndGlobalSection
EndGlobal
